
Microsoft Visual Studio Solution File, Format Version 12.00
# Visual Studio Version 17
VisualStudioVersion = 17.3.32922.545
MinimumVisualStudioVersion = 10.0.40219.1
Project("{8BC9CEB8-8B4A-11D0-8D11-00A0C91BC942}") = "Project2", "Project2.vcxproj", "{2BD1E183-01EA-4F25-B33E-6AB1A0EADFDC}"
EndProject
Global
	GlobalSection(SolutionConfigurationPlatforms) = preSolution
		Debug|x64 = Debug|x64
		Debug|x86 = Debug|x86
		Release|x64 = Release|x64
		Release|x86 = Release|x86
	EndGlobalSection
	GlobalSection(ProjectConfigurationPlatforms) = postSolution
		{2BD1E183-01EA-4F25-B33E-6AB1A0EADFDC}.Debug|x64.ActiveCfg = Debug|x64
		{2BD1E183-01EA-4F25-B33E-6AB1A0EADFDC}.Debug|x64.Build.0 = Debug|x64
		{2BD1E183-01EA-4F25-B33E-6AB1A0EADFDC}.Debug|x86.ActiveCfg = Debug|Win32
		{2BD1E183-01EA-4F25-B33E-6AB1A0EADFDC}.Debug|x86.Build.0 = Debug|Win32
		{2BD1E183-01EA-4F25-B33E-6AB1A0EADFDC}.Release|x64.ActiveCfg = Release|x64
		{2BD1E183-01EA-4F25-B33E-6AB1A0EADFDC}.Release|x64.Build.0 = Release|x64
		{2BD1E183-01EA-4F25-B33E-6AB1A0EADFDC}.Release|x86.ActiveCfg = Release|Win32
		{2BD1E183-01EA-4F25-B33E-6AB1A0EADFDC}.Release|x86.Build.0 = Release|Win32
	EndGlobalSection
	GlobalSection(SolutionProperties) = preSolution
		HideSolutionNode = FALSE
	EndGlobalSection
	GlobalSection(ExtensibilityGlobals) = postSolution
		SolutionGuid = {94057726-F0C4-4F44-8E38-FEEE0DA9BBF1}
	EndGlobalSection
EndGlobal
